<?xml version="1.0" encoding="UTF-8"?>
<Project ToolsVersion="14.0" xmlns="http://schemas.microsoft.com/developer/msbuild/2003">
  <ItemGroup>
    <CustomBuild Include="C:\CPPlearning\chapter2\ConsoleApplication1\ConsoleApplication1\CMakeFiles\485fca16115050fdd7d98d9d2314b33d\generate.stamp.rule">
      <Filter>CMake Rules</Filter>
    </CustomBuild>
  </ItemGroup>
  <ItemGroup>
    <Filter Include="CMake Rules">
      <UniqueIdentifier>{C4B1D6E2-9640-358A-9C08-2E1DE42A1D14}</UniqueIdentifier>
    </Filter>
  </ItemGroup>
</Project>
